// !$*UTF8*$!
{
	archiveVersion = 1;
	classes = {
	};
	objectVersion = 56;
	objects = {

/* Begin PBXBuildFile section */
		A10001 /* BarksAccountantApp.swift in Sources */ = {isa = PBXBuildFile; fileRef = B10001 /* BarksAccountantApp.swift */; };
		A10004 /* FirestoreBridge.swift in Sources */ = {isa = PBXBuildFile; fileRef = B10004 /* FirestoreBridge.swift */; };
		A10005 /* Assets.xcassets in Resources */ = {isa = PBXBuildFile; fileRef = B10005 /* Assets.xcassets */; };
		A10010 /* AppStoreWrapper.swift in Sources */ = {isa = PBXBuildFile; fileRef = B10010A /* AppStoreWrapper.swift */; };
		A10011 /* LoginStoreWrapper.swift in Sources */ = {isa = PBXBuildFile; fileRef = B10011 /* LoginStoreWrapper.swift */; };
		A10012 /* LoginView.swift in Sources */ = {isa = PBXBuildFile; fileRef = B10012 /* LoginView.swift */; };
		A10013 /* MainTabView.swift in Sources */ = {isa = PBXBuildFile; fileRef = B10013 /* MainTabView.swift */; };
		A10014 /* SalesListView.swift in Sources */ = {isa = PBXBuildFile; fileRef = B10014 /* SalesListView.swift */; };
		A10015 /* SalesListStoreWrapper.swift in Sources */ = {isa = PBXBuildFile; fileRef = B10015 /* SalesListStoreWrapper.swift */; };
		A10016 /* SaleDetailView.swift in Sources */ = {isa = PBXBuildFile; fileRef = B10016 /* SaleDetailView.swift */; };
		A10017 /* SaleDetailStoreWrapper.swift in Sources */ = {isa = PBXBuildFile; fileRef = B10017 /* SaleDetailStoreWrapper.swift */; };
		A10018 /* SaleFormView.swift in Sources */ = {isa = PBXBuildFile; fileRef = B10018 /* SaleFormView.swift */; };
		A10019 /* SaleFormStoreWrapper.swift in Sources */ = {isa = PBXBuildFile; fileRef = B10019 /* SaleFormStoreWrapper.swift */; };
		A10020 /* ClientPickerSheet.swift in Sources */ = {isa = PBXBuildFile; fileRef = B10020 /* ClientPickerSheet.swift */; };
		A10021 /* ProductPickerSheet.swift in Sources */ = {isa = PBXBuildFile; fileRef = B10021 /* ProductPickerSheet.swift */; };
		A10030 /* GoogleService-Info.plist in Resources */ = {isa = PBXBuildFile; fileRef = B10030 /* GoogleService-Info.plist */; };
		A10031 /* FirebaseAnalytics in Frameworks */ = {isa = PBXBuildFile; productRef = P10002 /* FirebaseAnalytics */; };
		A10032 /* FirebaseFirestore in Frameworks */ = {isa = PBXBuildFile; productRef = P10003 /* FirebaseFirestore */; };
		B10040 /* PurchasesListView.swift in Sources */ = {isa = PBXBuildFile; fileRef = A10040 /* PurchasesListView.swift */; };
		B10041 /* PurchasesListStoreWrapper.swift in Sources */ = {isa = PBXBuildFile; fileRef = A10041 /* PurchasesListStoreWrapper.swift */; };
		B10042 /* PurchaseFormView.swift in Sources */ = {isa = PBXBuildFile; fileRef = A10042 /* PurchaseFormView.swift */; };
		B10043 /* PurchaseFormStoreWrapper.swift in Sources */ = {isa = PBXBuildFile; fileRef = A10043 /* PurchaseFormStoreWrapper.swift */; };
		B10044 /* SettingsView.swift in Sources */ = {isa = PBXBuildFile; fileRef = A10044 /* SettingsView.swift */; };
		B10045 /* ProductsListView.swift in Sources */ = {isa = PBXBuildFile; fileRef = A10045 /* ProductsListView.swift */; };
		B10046 /* ProductsListStoreWrapper.swift in Sources */ = {isa = PBXBuildFile; fileRef = A10046 /* ProductsListStoreWrapper.swift */; };
		B10047 /* ProductFormView.swift in Sources */ = {isa = PBXBuildFile; fileRef = A10047 /* ProductFormView.swift */; };
		B10048 /* ProductFormStoreWrapper.swift in Sources */ = {isa = PBXBuildFile; fileRef = A10048 /* ProductFormStoreWrapper.swift */; };
		B10049 /* ClientsListView.swift in Sources */ = {isa = PBXBuildFile; fileRef = A10049 /* ClientsListView.swift */; };
		B10050 /* ClientsListStoreWrapper.swift in Sources */ = {isa = PBXBuildFile; fileRef = A10050 /* ClientsListStoreWrapper.swift */; };
		B10051 /* ClientFormView.swift in Sources */ = {isa = PBXBuildFile; fileRef = A10051 /* ClientFormView.swift */; };
		B10052 /* ClientFormStoreWrapper.swift in Sources */ = {isa = PBXBuildFile; fileRef = A10052 /* ClientFormStoreWrapper.swift */; };
		B10053 /* StatsView.swift in Sources */ = {isa = PBXBuildFile; fileRef = A10053 /* StatsView.swift */; };
		B10054 /* StatsStoreWrapper.swift in Sources */ = {isa = PBXBuildFile; fileRef = A10054 /* StatsStoreWrapper.swift */; };
/* End PBXBuildFile section */

/* Begin PBXFileReference section */
		A10040 /* PurchasesListView.swift */ = {isa = PBXFileReference; lastKnownFileType = sourcecode.swift; path = PurchasesListView.swift; sourceTree = "<group>"; };
		A10041 /* PurchasesListStoreWrapper.swift */ = {isa = PBXFileReference; lastKnownFileType = sourcecode.swift; path = PurchasesListStoreWrapper.swift; sourceTree = "<group>"; };
		A10042 /* PurchaseFormView.swift */ = {isa = PBXFileReference; lastKnownFileType = sourcecode.swift; path = PurchaseFormView.swift; sourceTree = "<group>"; };
		A10043 /* PurchaseFormStoreWrapper.swift */ = {isa = PBXFileReference; lastKnownFileType = sourcecode.swift; path = PurchaseFormStoreWrapper.swift; sourceTree = "<group>"; };
		A10044 /* SettingsView.swift */ = {isa = PBXFileReference; lastKnownFileType = sourcecode.swift; path = SettingsView.swift; sourceTree = "<group>"; };
		A10045 /* ProductsListView.swift */ = {isa = PBXFileReference; lastKnownFileType = sourcecode.swift; path = ProductsListView.swift; sourceTree = "<group>"; };
		A10046 /* ProductsListStoreWrapper.swift */ = {isa = PBXFileReference; lastKnownFileType = sourcecode.swift; path = ProductsListStoreWrapper.swift; sourceTree = "<group>"; };
		A10047 /* ProductFormView.swift */ = {isa = PBXFileReference; lastKnownFileType = sourcecode.swift; path = ProductFormView.swift; sourceTree = "<group>"; };
		A10048 /* ProductFormStoreWrapper.swift */ = {isa = PBXFileReference; lastKnownFileType = sourcecode.swift; path = ProductFormStoreWrapper.swift; sourceTree = "<group>"; };
		A10049 /* ClientsListView.swift */ = {isa = PBXFileReference; lastKnownFileType = sourcecode.swift; path = ClientsListView.swift; sourceTree = "<group>"; };
		A10050 /* ClientsListStoreWrapper.swift */ = {isa = PBXFileReference; lastKnownFileType = sourcecode.swift; path = ClientsListStoreWrapper.swift; sourceTree = "<group>"; };
		A10051 /* ClientFormView.swift */ = {isa = PBXFileReference; lastKnownFileType = sourcecode.swift; path = ClientFormView.swift; sourceTree = "<group>"; };
		A10052 /* ClientFormStoreWrapper.swift */ = {isa = PBXFileReference; lastKnownFileType = sourcecode.swift; path = ClientFormStoreWrapper.swift; sourceTree = "<group>"; };
		A10053 /* StatsView.swift */ = {isa = PBXFileReference; lastKnownFileType = sourcecode.swift; path = StatsView.swift; sourceTree = "<group>"; };
		A10054 /* StatsStoreWrapper.swift */ = {isa = PBXFileReference; lastKnownFileType = sourcecode.swift; path = StatsStoreWrapper.swift; sourceTree = "<group>"; };
		B10001 /* BarksAccountantApp.swift */ = {isa = PBXFileReference; lastKnownFileType = sourcecode.swift; path = BarksAccountantApp.swift; sourceTree = "<group>"; };
		B10004 /* FirestoreBridge.swift */ = {isa = PBXFileReference; lastKnownFileType = sourcecode.swift; path = FirestoreBridge.swift; sourceTree = "<group>"; };
		B10005 /* Assets.xcassets */ = {isa = PBXFileReference; lastKnownFileType = folder.assetcatalog; path = Assets.xcassets; sourceTree = "<group>"; };
		B10006 /* Info.plist */ = {isa = PBXFileReference; lastKnownFileType = text.plist.xml; path = Info.plist; sourceTree = "<group>"; };
		B10010A /* AppStoreWrapper.swift */ = {isa = PBXFileReference; lastKnownFileType = sourcecode.swift; path = AppStoreWrapper.swift; sourceTree = "<group>"; };
		B10011 /* LoginStoreWrapper.swift */ = {isa = PBXFileReference; lastKnownFileType = sourcecode.swift; path = LoginStoreWrapper.swift; sourceTree = "<group>"; };
		B10012 /* LoginView.swift */ = {isa = PBXFileReference; lastKnownFileType = sourcecode.swift; path = LoginView.swift; sourceTree = "<group>"; };
		B10013 /* MainTabView.swift */ = {isa = PBXFileReference; lastKnownFileType = sourcecode.swift; path = MainTabView.swift; sourceTree = "<group>"; };
		B10014 /* SalesListView.swift */ = {isa = PBXFileReference; lastKnownFileType = sourcecode.swift; path = SalesListView.swift; sourceTree = "<group>"; };
		B10015 /* SalesListStoreWrapper.swift */ = {isa = PBXFileReference; lastKnownFileType = sourcecode.swift; path = SalesListStoreWrapper.swift; sourceTree = "<group>"; };
		B10016 /* SaleDetailView.swift */ = {isa = PBXFileReference; lastKnownFileType = sourcecode.swift; path = SaleDetailView.swift; sourceTree = "<group>"; };
		B10017 /* SaleDetailStoreWrapper.swift */ = {isa = PBXFileReference; lastKnownFileType = sourcecode.swift; path = SaleDetailStoreWrapper.swift; sourceTree = "<group>"; };
		B10018 /* SaleFormView.swift */ = {isa = PBXFileReference; lastKnownFileType = sourcecode.swift; path = SaleFormView.swift; sourceTree = "<group>"; };
		B10019 /* SaleFormStoreWrapper.swift */ = {isa = PBXFileReference; lastKnownFileType = sourcecode.swift; path = SaleFormStoreWrapper.swift; sourceTree = "<group>"; };
		B10020 /* ClientPickerSheet.swift */ = {isa = PBXFileReference; lastKnownFileType = sourcecode.swift; path = ClientPickerSheet.swift; sourceTree = "<group>"; };
		B10021 /* ProductPickerSheet.swift */ = {isa = PBXFileReference; lastKnownFileType = sourcecode.swift; path = ProductPickerSheet.swift; sourceTree = "<group>"; };
		B10030 /* GoogleService-Info.plist */ = {isa = PBXFileReference; lastKnownFileType = text.plist.xml; path = "GoogleService-Info.plist"; sourceTree = "<group>"; };
		B10099 /* BarksAccountantApp.app */ = {isa = PBXFileReference; explicitFileType = wrapper.application; includeInIndex = 0; path = BarksAccountantApp.app; sourceTree = BUILT_PRODUCTS_DIR; };
/* End PBXFileReference section */

/* Begin PBXFrameworksBuildPhase section */
		C10001 /* Frameworks */ = {
			isa = PBXFrameworksBuildPhase;
			buildActionMask = 2147483647;
			files = (
				A10031 /* FirebaseAnalytics in Frameworks */,
				A10032 /* FirebaseFirestore in Frameworks */,
			);
			runOnlyForDeploymentPostprocessing = 0;
		};
/* End PBXFrameworksBuildPhase section */

/* Begin PBXGroup section */
		D10001 = {
			isa = PBXGroup;
			children = (
				D10002 /* BarksAccountantApp */,
				D10003 /* Products */,
			);
			sourceTree = "<group>";
		};
		D10002 /* BarksAccountantApp */ = {
			isa = PBXGroup;
			children = (
				B10001 /* BarksAccountantApp.swift */,
				B10010A /* AppStoreWrapper.swift */,
				B10004 /* FirestoreBridge.swift */,
				B10012 /* LoginView.swift */,
				B10011 /* LoginStoreWrapper.swift */,
				B10013 /* MainTabView.swift */,
				D10004 /* Sales */,
				D10005 /* Purchases */,
				D10007 /* Stats */,
				D10006 /* Settings */,
				B10005 /* Assets.xcassets */,
				B10006 /* Info.plist */,
				B10030 /* GoogleService-Info.plist */,
			);
			path = BarksAccountantApp;
			sourceTree = "<group>";
		};
		D10003 /* Products */ = {
			isa = PBXGroup;
			children = (
				B10099 /* BarksAccountantApp.app */,
			);
			name = Products;
			sourceTree = "<group>";
		};
		D10004 /* Sales */ = {
			isa = PBXGroup;
			children = (
				B10014 /* SalesListView.swift */,
				B10015 /* SalesListStoreWrapper.swift */,
				B10016 /* SaleDetailView.swift */,
				B10017 /* SaleDetailStoreWrapper.swift */,
				B10018 /* SaleFormView.swift */,
				B10019 /* SaleFormStoreWrapper.swift */,
				B10020 /* ClientPickerSheet.swift */,
				B10021 /* ProductPickerSheet.swift */,
			);
			path = Sales;
			sourceTree = "<group>";
		};
		D10005 /* Purchases */ = {
			isa = PBXGroup;
			children = (
				A10040 /* PurchasesListView.swift */,
				A10041 /* PurchasesListStoreWrapper.swift */,
				A10042 /* PurchaseFormView.swift */,
				A10043 /* PurchaseFormStoreWrapper.swift */,
			);
			path = Purchases;
			sourceTree = "<group>";
		};
		D10006 /* Settings */ = {
			isa = PBXGroup;
			children = (
				A10044 /* SettingsView.swift */,
				A10045 /* ProductsListView.swift */,
				A10046 /* ProductsListStoreWrapper.swift */,
				A10047 /* ProductFormView.swift */,
				A10048 /* ProductFormStoreWrapper.swift */,
				A10049 /* ClientsListView.swift */,
				A10050 /* ClientsListStoreWrapper.swift */,
				A10051 /* ClientFormView.swift */,
				A10052 /* ClientFormStoreWrapper.swift */,
			);
			path = Settings;
			sourceTree = "<group>";
		};
		D10007 /* Stats */ = {
			isa = PBXGroup;
			children = (
				A10053 /* StatsView.swift */,
				A10054 /* StatsStoreWrapper.swift */,
			);
			path = Stats;
			sourceTree = "<group>";
		};
/* End PBXGroup section */

/* Begin PBXNativeTarget section */
		E10001 /* BarksAccountantApp */ = {
			isa = PBXNativeTarget;
			buildConfigurationList = F10003 /* Build configuration list for PBXNativeTarget "BarksAccountantApp" */;
			buildPhases = (
				E10002 /* Compile Kotlin Framework */,
				E10003 /* Sources */,
				C10001 /* Frameworks */,
				E10004 /* Resources */,
				E10005 /* Embed Frameworks */,
			);
			buildRules = (
			);
			dependencies = (
			);
			name = BarksAccountantApp;
			packageProductDependencies = (
				P10002 /* FirebaseAnalytics */,
				P10003 /* FirebaseFirestore */,
			);
			productName = BarksAccountantApp;
			productReference = B10099 /* BarksAccountantApp.app */;
			productType = "com.apple.product-type.application";
		};
/* End PBXNativeTarget section */

/* Begin PBXProject section */
		F10001 /* Project object */ = {
			isa = PBXProject;
			attributes = {
				BuildIndependentTargetsInParallel = 1;
				LastSwiftUpdateCheck = 1500;
				LastUpgradeCheck = 1500;
				TargetAttributes = {
					E10001 = {
						CreatedOnToolsVersion = 15.0;
					};
				};
			};
			buildConfigurationList = F10002 /* Build configuration list for PBXProject "BarksAccountantApp" */;
			compatibilityVersion = "Xcode 14.0";
			developmentRegion = en;
			hasScannedForEncodings = 0;
			knownRegions = (
				en,
				Base,
			);
			mainGroup = D10001;
			packageReferences = (
				P10001 /* XCRemoteSwiftPackageReference "firebase-ios-sdk" */,
			);
			productRefGroup = D10003 /* Products */;
			projectDirPath = "";
			projectRoot = "";
			targets = (
				E10001 /* BarksAccountantApp */,
			);
		};
/* End PBXProject section */

/* Begin PBXResourcesBuildPhase section */
		E10004 /* Resources */ = {
			isa = PBXResourcesBuildPhase;
			buildActionMask = 2147483647;
			files = (
				A10005 /* Assets.xcassets in Resources */,
				A10030 /* GoogleService-Info.plist in Resources */,
			);
			runOnlyForDeploymentPostprocessing = 0;
		};
/* End PBXResourcesBuildPhase section */

/* Begin PBXShellScriptBuildPhase section */
		E10002 /* Compile Kotlin Framework */ = {
			isa = PBXShellScriptBuildPhase;
			alwaysOutOfDate = 1;
			buildActionMask = 2147483647;
			files = (
			);
			inputFileListPaths = (
			);
			inputPaths = (
			);
			name = "Compile Kotlin Framework";
			outputFileListPaths = (
			);
			outputPaths = (
			);
			runOnlyForDeploymentPostprocessing = 0;
			shellPath = /bin/sh;
			shellScript = "export JAVA_HOME=/opt/homebrew/opt/openjdk@17\nexport PATH=\"$JAVA_HOME/bin:$PATH\"\ncd \"$SRCROOT/..\"\n./gradlew :shared:embedAndSignAppleFrameworkForXcode\n";
		};
		E10005 /* Embed Frameworks */ = {
			isa = PBXShellScriptBuildPhase;
			buildActionMask = 2147483647;
			files = (
			);
			inputFileListPaths = (
			);
			inputPaths = (
			);
			name = "Embed Frameworks";
			outputFileListPaths = (
			);
			outputPaths = (
			);
			runOnlyForDeploymentPostprocessing = 0;
			shellPath = /bin/sh;
			shellScript = "# Type a script or drag a script file from your workspace to insert its path.\n";
		};
/* End PBXShellScriptBuildPhase section */

/* Begin PBXSourcesBuildPhase section */
		E10003 /* Sources */ = {
			isa = PBXSourcesBuildPhase;
			buildActionMask = 2147483647;
			files = (
				A10001 /* BarksAccountantApp.swift in Sources */,
				A10010 /* AppStoreWrapper.swift in Sources */,
				A10004 /* FirestoreBridge.swift in Sources */,
				A10011 /* LoginStoreWrapper.swift in Sources */,
				A10012 /* LoginView.swift in Sources */,
				A10013 /* MainTabView.swift in Sources */,
				A10014 /* SalesListView.swift in Sources */,
				A10015 /* SalesListStoreWrapper.swift in Sources */,
				A10016 /* SaleDetailView.swift in Sources */,
				A10017 /* SaleDetailStoreWrapper.swift in Sources */,
				A10018 /* SaleFormView.swift in Sources */,
				A10019 /* SaleFormStoreWrapper.swift in Sources */,
				A10020 /* ClientPickerSheet.swift in Sources */,
				A10021 /* ProductPickerSheet.swift in Sources */,
				B10040 /* PurchasesListView.swift in Sources */,
				B10041 /* PurchasesListStoreWrapper.swift in Sources */,
				B10042 /* PurchaseFormView.swift in Sources */,
				B10043 /* PurchaseFormStoreWrapper.swift in Sources */,
				B10044 /* SettingsView.swift in Sources */,
				B10045 /* ProductsListView.swift in Sources */,
				B10046 /* ProductsListStoreWrapper.swift in Sources */,
				B10047 /* ProductFormView.swift in Sources */,
				B10048 /* ProductFormStoreWrapper.swift in Sources */,
				B10049 /* ClientsListView.swift in Sources */,
				B10050 /* ClientsListStoreWrapper.swift in Sources */,
				B10051 /* ClientFormView.swift in Sources */,
				B10052 /* ClientFormStoreWrapper.swift in Sources */,
				B10053 /* StatsView.swift in Sources */,
				B10054 /* StatsStoreWrapper.swift in Sources */,
			);
			runOnlyForDeploymentPostprocessing = 0;
		};
/* End PBXSourcesBuildPhase section */

/* Begin XCBuildConfiguration section */
		G10001 /* Debug */ = {
			isa = XCBuildConfiguration;
			buildSettings = {
				ALWAYS_SEARCH_USER_PATHS = NO;
				ASSETCATALOG_COMPILER_GENERATE_SWIFT_ASSET_SYMBOL_EXTENSIONS = YES;
				CLANG_ANALYZER_NONNULL = YES;
				CLANG_CXX_LANGUAGE_STANDARD = "gnu++20";
				CLANG_ENABLE_MODULES = YES;
				CLANG_ENABLE_OBJC_ARC = YES;
				COPY_PHASE_STRIP = NO;
				DEBUG_INFORMATION_FORMAT = dwarf;
				ENABLE_STRICT_OBJC_MSGSEND = YES;
				ENABLE_TESTABILITY = YES;
				ENABLE_USER_SCRIPT_SANDBOXING = NO;
				GCC_DYNAMIC_NO_PIC = NO;
				GCC_OPTIMIZATION_LEVEL = 0;
				GCC_WARN_ABOUT_RETURN_TYPE = YES_ERROR;
				GCC_WARN_UNINITIALIZED_AUTOS = YES_AGGRESSIVE;
				IPHONEOS_DEPLOYMENT_TARGET = 17.0;
				MTL_ENABLE_DEBUG_INFO = INCLUDE_SOURCE;
				MTL_FAST_MATH = YES;
				ONLY_ACTIVE_ARCH = YES;
				SDKROOT = iphoneos;
				SWIFT_ACTIVE_COMPILATION_CONDITIONS = "DEBUG $(inherited)";
				SWIFT_OPTIMIZATION_LEVEL = "-Onone";
			};
			name = Debug;
		};
		G10002 /* Release */ = {
			isa = XCBuildConfiguration;
			buildSettings = {
				ALWAYS_SEARCH_USER_PATHS = NO;
				ASSETCATALOG_COMPILER_GENERATE_SWIFT_ASSET_SYMBOL_EXTENSIONS = YES;
				CLANG_ANALYZER_NONNULL = YES;
				CLANG_CXX_LANGUAGE_STANDARD = "gnu++20";
				CLANG_ENABLE_MODULES = YES;
				CLANG_ENABLE_OBJC_ARC = YES;
				COPY_PHASE_STRIP = NO;
				DEBUG_INFORMATION_FORMAT = "dwarf-with-dsym";
				ENABLE_NS_ASSERTIONS = NO;
				ENABLE_STRICT_OBJC_MSGSEND = YES;
				ENABLE_USER_SCRIPT_SANDBOXING = NO;
				GCC_WARN_ABOUT_RETURN_TYPE = YES_ERROR;
				GCC_WARN_UNINITIALIZED_AUTOS = YES_AGGRESSIVE;
				IPHONEOS_DEPLOYMENT_TARGET = 17.0;
				MTL_FAST_MATH = YES;
				SDKROOT = iphoneos;
				SWIFT_COMPILATION_MODE = wholemodule;
				VALIDATE_PRODUCT = YES;
			};
			name = Release;
		};
		G10003 /* Debug */ = {
			isa = XCBuildConfiguration;
			buildSettings = {
				ASSETCATALOG_COMPILER_APPICON_NAME = AppIcon;
				CODE_SIGN_STYLE = Automatic;
				CURRENT_PROJECT_VERSION = 1;
				DEVELOPMENT_TEAM = T8SEA364VE;
				FRAMEWORK_SEARCH_PATHS = (
					"$(inherited)",
					"$(SRCROOT)/../shared/build/xcode-frameworks/$(CONFIGURATION)/$(SDK_NAME)",
				);
				GENERATE_INFOPLIST_FILE = YES;
				INFOPLIST_FILE = BarksAccountantApp/Info.plist;
				INFOPLIST_KEY_CFBundleDisplayName = BarksAccountant;
				INFOPLIST_KEY_UIApplicationSupportsIndirectInputEvents = YES;
				INFOPLIST_KEY_UISupportedInterfaceOrientations = UIInterfaceOrientationPortrait;
				LD_RUNPATH_SEARCH_PATHS = (
					"$(inherited)",
					"@executable_path/Frameworks",
				);
				MARKETING_VERSION = 1.0;
				OTHER_LDFLAGS = (
					"$(inherited)",
					"-framework",
					Shared,
				);
				PRODUCT_BUNDLE_IDENTIFIER = "com.astrazeneca.Tests-iOS";
				PRODUCT_NAME = "$(TARGET_NAME)";
				SWIFT_EMIT_LOC_STRINGS = YES;
				SWIFT_VERSION = 5.0;
				TARGETED_DEVICE_FAMILY = "1,2";
			};
			name = Debug;
		};
		G10004 /* Release */ = {
			isa = XCBuildConfiguration;
			buildSettings = {
				ASSETCATALOG_COMPILER_APPICON_NAME = AppIcon;
				CODE_SIGN_STYLE = Automatic;
				CURRENT_PROJECT_VERSION = 1;
				DEVELOPMENT_TEAM = T8SEA364VE;
				FRAMEWORK_SEARCH_PATHS = (
					"$(inherited)",
					"$(SRCROOT)/../shared/build/xcode-frameworks/$(CONFIGURATION)/$(SDK_NAME)",
				);
				GENERATE_INFOPLIST_FILE = YES;
				INFOPLIST_FILE = BarksAccountantApp/Info.plist;
				INFOPLIST_KEY_CFBundleDisplayName = BarksAccountant;
				INFOPLIST_KEY_UIApplicationSupportsIndirectInputEvents = YES;
				INFOPLIST_KEY_UISupportedInterfaceOrientations = UIInterfaceOrientationPortrait;
				LD_RUNPATH_SEARCH_PATHS = (
					"$(inherited)",
					"@executable_path/Frameworks",
				);
				MARKETING_VERSION = 1.0;
				OTHER_LDFLAGS = (
					"$(inherited)",
					"-framework",
					Shared,
				);
				PRODUCT_BUNDLE_IDENTIFIER = "com.astrazeneca.Tests-iOS";
				PRODUCT_NAME = "$(TARGET_NAME)";
				SWIFT_EMIT_LOC_STRINGS = YES;
				SWIFT_VERSION = 5.0;
				TARGETED_DEVICE_FAMILY = "1,2";
			};
			name = Release;
		};
/* End XCBuildConfiguration section */

/* Begin XCConfigurationList section */
		F10002 /* Build configuration list for PBXProject "BarksAccountantApp" */ = {
			isa = XCConfigurationList;
			buildConfigurations = (
				G10001 /* Debug */,
				G10002 /* Release */,
			);
			defaultConfigurationIsVisible = 0;
			defaultConfigurationName = Release;
		};
		F10003 /* Build configuration list for PBXNativeTarget "BarksAccountantApp" */ = {
			isa = XCConfigurationList;
			buildConfigurations = (
				G10003 /* Debug */,
				G10004 /* Release */,
			);
			defaultConfigurationIsVisible = 0;
			defaultConfigurationName = Release;
		};
/* End XCConfigurationList section */

/* Begin XCRemoteSwiftPackageReference section */
		P10001 /* XCRemoteSwiftPackageReference "firebase-ios-sdk" */ = {
			isa = XCRemoteSwiftPackageReference;
			repositoryURL = "https://github.com/firebase/firebase-ios-sdk";
			requirement = {
				kind = upToNextMajorVersion;
				minimumVersion = 11.0.0;
			};
		};
/* End XCRemoteSwiftPackageReference section */

/* Begin XCSwiftPackageProductDependency section */
		P10002 /* FirebaseAnalytics */ = {
			isa = XCSwiftPackageProductDependency;
			package = P10001 /* XCRemoteSwiftPackageReference "firebase-ios-sdk" */;
			productName = FirebaseAnalytics;
		};
		P10003 /* FirebaseFirestore */ = {
			isa = XCSwiftPackageProductDependency;
			package = P10001 /* XCRemoteSwiftPackageReference "firebase-ios-sdk" */;
			productName = FirebaseFirestore;
		};
/* End XCSwiftPackageProductDependency section */
	};
	rootObject = F10001 /* Project object */;
}
